{
  "object": {
    "pins": [
      {
        "package": "BleConnect_Lib",
        "repositoryURL": "https://github.com/MdMugish/BleConnect_Lib.git",
        "state": {
          "branch": null,
          "revision": "7513c9487f014c34f8fb5b76e579f85ee16b2e4d",
          "version": "1.0.1"
        }
      }
    ]
  },
  "version": 1
}
